# THIS IS AN AUTOGENERATED FILE. DO NOT EDIT THIS FILE DIRECTLY.
# yarn lockfile v1


essentia.js@^0.1.3:
  version "0.1.3"
  resolved "https://registry.yarnpkg.com/essentia.js/-/essentia.js-0.1.3.tgz#54d0409845a0add3d42fde109d24dc24617e66eb"
  integrity sha512-vVEPgeVMEBLRXbM5o5H5Rgu53EPHu25vyFKYg+flWLzI/nEoegJQez9FKRv8GR/KxIBwm+fXDEFL+MkQeoHaLw==
  dependencies:
    node-wav "0.0.2"

mic@^2.1.2:
  version "2.1.2"
  resolved "https://registry.yarnpkg.com/mic/-/mic-2.1.2.tgz#f03428381798ff889a90405a0318151db054a4ed"
  integrity sha1-8DQoOBeY/4iakEBaAxgVHbBUpO0=

node-wav@0.0.2:
  version "0.0.2"
  resolved "https://registry.yarnpkg.com/node-wav/-/node-wav-0.0.2.tgz#89cb63cf8cd66ec8ab455f5ba4864e5fcb4605e8"
  integrity sha1-ictjz4zWbsirRV9bpIZOX8tGBeg=
